// !$*UTF8*$!
{
	archiveVersion = 1;
	classes = {
	};
	objectVersion = 54;
	objects = {

/* Begin PBXBuildFile section */
		00E356F31AD99517003FC87E /* Coffe_Shop_AppTests.m in Sources */ = {isa = PBXBuildFile; fileRef = 00E356F21AD99517003FC87E /* Coffe_Shop_AppTests.m */; };
		0C80B921A6F3F58F76C31292 /* libPods-Coffe_Shop_App.a in Frameworks */ = {isa = PBXBuildFile; fileRef = 5DCACB8F33CDC322A6C60F78 /* libPods-Coffe_Shop_App.a */; };
		13B07FBC1A68108700A75B9A /* AppDelegate.mm in Sources */ = {isa = PBXBuildFile; fileRef = 13B07FB01A68108700A75B9A /* AppDelegate.mm */; };
		13B07FBF1A68108700A75B9A /* Images.xcassets in Resources */ = {isa = PBXBuildFile; fileRef = 13B07FB51A68108700A75B9A /* Images.xcassets */; };
		13B07FC11A68108700A75B9A /* main.m in Sources */ = {isa = PBXBuildFile; fileRef = 13B07FB71A68108700A75B9A /* main.m */; };
		7699B88040F8A987B510C191 /* libPods-Coffe_Shop_App-Coffe_Shop_AppTests.a in Frameworks */ = {isa = PBXBuildFile; fileRef = 19F6CBCC0A4E27FBF8BF4A61 /* libPods-Coffe_Shop_App-Coffe_Shop_AppTests.a */; };
		81AB9BB82411601600AC10FF /* LaunchScreen.storyboard in Resources */ = {isa = PBXBuildFile; fileRef = 81AB9BB72411601600AC10FF /* LaunchScreen.storyboard */; };
		F769D6DC325C470EA80F9AC5 /* Poppins-Black.ttf in Resources */ = {isa = PBXBuildFile; fileRef = F0CD22C9A9AD4260A8D2D521 /* Poppins-Black.ttf */; };
		A7E4031BB6BE46CF825D791A /* Poppins-Bold.ttf in Resources */ = {isa = PBXBuildFile; fileRef = 592B721E88D94F20B5049389 /* Poppins-Bold.ttf */; };
		F2AF9992C27640C8AC31BE56 /* Poppins-ExtraBold.ttf in Resources */ = {isa = PBXBuildFile; fileRef = A6BC258C41814E0C9830CBDE /* Poppins-ExtraBold.ttf */; };
		21958627669F4B239B91C9DD /* Poppins-ExtraLight.ttf in Resources */ = {isa = PBXBuildFile; fileRef = DC7A5A7852884DB494D82CDA /* Poppins-ExtraLight.ttf */; };
		3664C5F283F94933BCB95DA6 /* Poppins-Light.ttf in Resources */ = {isa = PBXBuildFile; fileRef = C6D294F9C9814E93B43402D4 /* Poppins-Light.ttf */; };
		DB570BF8EF244B9C96FFFA5D /* Poppins-Medium.ttf in Resources */ = {isa = PBXBuildFile; fileRef = 188D149D5BCF4593A0A935FC /* Poppins-Medium.ttf */; };
		CB07A9098D3E4CECA9918C03 /* Poppins-Regular.ttf in Resources */ = {isa = PBXBuildFile; fileRef = 5E58F0C2CB824A29818C2E5E /* Poppins-Regular.ttf */; };
		FE063DFD231E41438AD5F7BE /* Poppins-SemiBold.ttf in Resources */ = {isa = PBXBuildFile; fileRef = 3F749CFE0EE64BB8BA169EE6 /* Poppins-SemiBold.ttf */; };
		809BB3856D9E4DB1BBB3C9F6 /* Poppins-Thin.ttf in Resources */ = {isa = PBXBuildFile; fileRef = A1978C187F754EECBD10E4F8 /* Poppins-Thin.ttf */; };
		9EE26C2E05E24F45A5401E39 /* app_icons.ttf in Resources */ = {isa = PBXBuildFile; fileRef = 5A46D06986714353BB91D242 /* app_icons.ttf */; };
		CAA531F98CA546D1A40FCE11 /* amazonpay.png in Resources */ = {isa = PBXBuildFile; fileRef = 8D5AE5A295EF44A999747A44 /* amazonpay.png */; };
		6E120B627AC242709E4457AC /* applepay.png in Resources */ = {isa = PBXBuildFile; fileRef = 38E2F7D3E04146ECBCF51B71 /* applepay.png */; };
		FE3110D6996B4605BA571C96 /* avatar.png in Resources */ = {isa = PBXBuildFile; fileRef = 92F04BA411524B6F8956E601 /* avatar.png */; };
		EBBC1DDF92554A41AA151FEC /* gpay.png in Resources */ = {isa = PBXBuildFile; fileRef = 84E7CD3FAF414D8BA1372C52 /* gpay.png */; };
		19E45E93696748C99AFE673E /* americano_pic_1_portrait.png in Resources */ = {isa = PBXBuildFile; fileRef = 9F9F29CAA15D475F81BD5960 /* americano_pic_1_portrait.png */; };
		B1A37A64E42B40E4BCBEA5DD /* americano_pic_2_portrait.png in Resources */ = {isa = PBXBuildFile; fileRef = BE47403763414858ACE004B4 /* americano_pic_2_portrait.png */; };
		36A7AEFFDBBF4ECF8098451C /* americano_pic_3_portrait.png in Resources */ = {isa = PBXBuildFile; fileRef = 22EBD26B6F7A4615AE7CB76F /* americano_pic_3_portrait.png */; };
		BE5BC1472E87451C85D454A9 /* americano_pic_1_square.png in Resources */ = {isa = PBXBuildFile; fileRef = 8BDC6980782F49F6820EE3C7 /* americano_pic_1_square.png */; };
		A1CA4031F5CF43DBB5729428 /* americano_pic_2_square.png in Resources */ = {isa = PBXBuildFile; fileRef = 8F6508C7834E473DB5709CEE /* americano_pic_2_square.png */; };
		2E5C7BE81F54495D9FE83657 /* americano_pic_3_square.png in Resources */ = {isa = PBXBuildFile; fileRef = 488BD1BFB8874FB59B2DA70C /* americano_pic_3_square.png */; };
		49E10E5DAEC648EDA2C7944E /* arabica_coffee_beans_portrait.png in Resources */ = {isa = PBXBuildFile; fileRef = 1FE0DAC8BA27479B994818F2 /* arabica_coffee_beans_portrait.png */; };
		5952612357C4419A8988F34E /* arabica_coffee_beans_square.png in Resources */ = {isa = PBXBuildFile; fileRef = 710206AE8A8D48ABAA1F8C2E /* arabica_coffee_beans_square.png */; };
		D09D66D5217D4E838A2151EC /* black_coffee_pic_1_portrait.png in Resources */ = {isa = PBXBuildFile; fileRef = 848981C0E8DE45E3A9351724 /* black_coffee_pic_1_portrait.png */; };
		78F1E75B88804CD19DD8FFB6 /* black_coffee_pic_2_portrait.png in Resources */ = {isa = PBXBuildFile; fileRef = C29EF73FB2B6432582EBC742 /* black_coffee_pic_2_portrait.png */; };
		C0133F0D2422474A95D4835A /* black_coffee_pic_3_portrait.png in Resources */ = {isa = PBXBuildFile; fileRef = 379022ED36F74307852B5F38 /* black_coffee_pic_3_portrait.png */; };
		2AFF2E9A139044B89C62FF2B /* black_coffee_pic_1_square.png in Resources */ = {isa = PBXBuildFile; fileRef = 4C8A3DED72B4481B9FF28DD7 /* black_coffee_pic_1_square.png */; };
		A5D8449A80B7432F8F2A2090 /* black_coffee_pic_2_square.png in Resources */ = {isa = PBXBuildFile; fileRef = 0D4CAF23F2F54509A286AB91 /* black_coffee_pic_2_square.png */; };
		24813DAF743F49BBA2D8C22C /* black_coffee_pic_3_square.png in Resources */ = {isa = PBXBuildFile; fileRef = 0FD3FBA05F014C7C973F3959 /* black_coffee_pic_3_square.png */; };
		4F16C615DFD945E589AA3A36 /* cappuccino_pic_1_portrait.png in Resources */ = {isa = PBXBuildFile; fileRef = 63717602CAB84036BF111C8C /* cappuccino_pic_1_portrait.png */; };
		C2737A7B63C441A28A85E072 /* cappuccino_pic_2_portrait.png in Resources */ = {isa = PBXBuildFile; fileRef = 6D0264F7A1B2453481DD5574 /* cappuccino_pic_2_portrait.png */; };
		67485165FA40432AA8888AB7 /* cappuccino_pic_3_portrait.png in Resources */ = {isa = PBXBuildFile; fileRef = F8F92290027E489EA9C8D5E2 /* cappuccino_pic_3_portrait.png */; };
		F0041E4C105D47FFAB272459 /* cappuccino_pic_1_square.png in Resources */ = {isa = PBXBuildFile; fileRef = E48E6241834C4BE2B414790E /* cappuccino_pic_1_square.png */; };
		928D12FEBD214BFC83CB5C3F /* cappuccino_pic_2_square.png in Resources */ = {isa = PBXBuildFile; fileRef = 7416BA8E0FAB49688707347A /* cappuccino_pic_2_square.png */; };
		D15C6B1A3C914865A85C63EE /* cappuccino_pic_3_square.png in Resources */ = {isa = PBXBuildFile; fileRef = 41DD265F542E40CD887F2450 /* cappuccino_pic_3_square.png */; };
		33256DC8B95C48F18949F511 /* espresso_pic_1_portrait.png in Resources */ = {isa = PBXBuildFile; fileRef = 42E31BF903874EBEB62752D1 /* espresso_pic_1_portrait.png */; };
		7F27B2A514C3489B9F7ADBA1 /* espresso_pic_2_portrait.png in Resources */ = {isa = PBXBuildFile; fileRef = ED4B7F6C45044A9EBDCE2463 /* espresso_pic_2_portrait.png */; };
		6E13529AD3594FE78FF7138C /* espresso_pic_3_portrait.png in Resources */ = {isa = PBXBuildFile; fileRef = 0D31C5DF4DDE4E9486A690D1 /* espresso_pic_3_portrait.png */; };
		C9992896B91C429BA56AC05F /* espresso_pic_1_square.png in Resources */ = {isa = PBXBuildFile; fileRef = C1A7E80CCB9648DFAD504AEF /* espresso_pic_1_square.png */; };
		B84AE1FD9CDE45078651F2C2 /* espresso_pic_2_square.png in Resources */ = {isa = PBXBuildFile; fileRef = DF4C341F785A475BB3B7D19A /* espresso_pic_2_square.png */; };
		8628100FA64645D49E5DE408 /* espresso_pic_3_square.png in Resources */ = {isa = PBXBuildFile; fileRef = 6702BD72A7234C4E98B9C9F1 /* espresso_pic_3_square.png */; };
		579A01FB70104B6189FE4488 /* excelsa_coffee_beans_portrait.png in Resources */ = {isa = PBXBuildFile; fileRef = D496CBE39A5547CC8FD29804 /* excelsa_coffee_beans_portrait.png */; };
		D96DDEFC149A446391600DFE /* excelsa_coffee_beans_square.png in Resources */ = {isa = PBXBuildFile; fileRef = 84E97C21F40F4806AC396AA3 /* excelsa_coffee_beans_square.png */; };
		8139AF04B81743F6A1DA832C /* latte_pic_1_portrait.png in Resources */ = {isa = PBXBuildFile; fileRef = F13827BAD57D45B9B155BA0C /* latte_pic_1_portrait.png */; };
		B3F44FB58C85472D82315DD1 /* latte_pic_2_portrait.png in Resources */ = {isa = PBXBuildFile; fileRef = 76397FA04E9D49898C7ABBC0 /* latte_pic_2_portrait.png */; };
		A1E2A4C010E94C818B42DD40 /* latte_pic_3_portrait.png in Resources */ = {isa = PBXBuildFile; fileRef = 84289101E96742C18EB50AA4 /* latte_pic_3_portrait.png */; };
		D000A569268E46CA8C404A0D /* latte_pic_1_square.png in Resources */ = {isa = PBXBuildFile; fileRef = 531631F5BCC54679A4D48CA3 /* latte_pic_1_square.png */; };
		6968EDA3DE6C4D39A4B28F93 /* latte_pic_2_square.png in Resources */ = {isa = PBXBuildFile; fileRef = C9DDDEFAC31D4593AB1947D9 /* latte_pic_2_square.png */; };
		D231A631E300466B8A8B4CF9 /* latte_pic_3_square.png in Resources */ = {isa = PBXBuildFile; fileRef = 85973BF448044284A3218EFB /* latte_pic_3_square.png */; };
		3714B3A284C54B6D9D9AFB35 /* liberica_coffee_beans_portrait.png in Resources */ = {isa = PBXBuildFile; fileRef = BC9382B49A8E48B5BCA49C12 /* liberica_coffee_beans_portrait.png */; };
		8693D61B7E7546B1AE01E30C /* liberica_coffee_beans_square.png in Resources */ = {isa = PBXBuildFile; fileRef = 8B24387B2FF74093B056F0C0 /* liberica_coffee_beans_square.png */; };
		0599DF3962C84F78BD9D7A73 /* macchiato_pic_1_portrait.png in Resources */ = {isa = PBXBuildFile; fileRef = 084B3FA7A18D4F1D97BB8B58 /* macchiato_pic_1_portrait.png */; };
		BDCD127DC56C4B7BA4559FF7 /* macchiato_pic_2_portrait.png in Resources */ = {isa = PBXBuildFile; fileRef = 13E0A4A55C694EF4BB143588 /* macchiato_pic_2_portrait.png */; };
		A3E0570BF946450C8AE72555 /* macchiato_pic_3_portrait.png in Resources */ = {isa = PBXBuildFile; fileRef = A0665565FFBB44AEB889971B /* macchiato_pic_3_portrait.png */; };
		E94A3169F4D148269CD58394 /* macchiato_pic_1_square.png in Resources */ = {isa = PBXBuildFile; fileRef = 7F4AB53161904B6DBD04A871 /* macchiato_pic_1_square.png */; };
		3A646E0592EA47A8BCF91A1B /* macchiato_pic_2_square.png in Resources */ = {isa = PBXBuildFile; fileRef = F4C161C8A1044203A3F40541 /* macchiato_pic_2_square.png */; };
		3CA7467D762646CDA2D276EE /* macchiato_pic_3_square.png in Resources */ = {isa = PBXBuildFile; fileRef = F2FDAF199C30447CA193E41A /* macchiato_pic_3_square.png */; };
		D92DF9F956CA48EB8A4E4360 /* robusta_coffee_beans_portrait.png in Resources */ = {isa = PBXBuildFile; fileRef = 14897869BCCE4903824FC0C3 /* robusta_coffee_beans_portrait.png */; };
		D99D9E20C4CD456799505FA3 /* robusta_coffee_beans_square.png in Resources */ = {isa = PBXBuildFile; fileRef = 5130FB73854541A88BDE1B15 /* robusta_coffee_beans_square.png */; };
/* End PBXBuildFile section */

/* Begin PBXContainerItemProxy section */
		00E356F41AD99517003FC87E /* PBXContainerItemProxy */ = {
			isa = PBXContainerItemProxy;
			containerPortal = 83CBB9F71A601CBA00E9B192 /* Project object */;
			proxyType = 1;
			remoteGlobalIDString = 13B07F861A680F5B00A75B9A;
			remoteInfo = Coffe_Shop_App;
		};
/* End PBXContainerItemProxy section */

/* Begin PBXFileReference section */
		00E356EE1AD99517003FC87E /* Coffe_Shop_AppTests.xctest */ = {isa = PBXFileReference; explicitFileType = wrapper.cfbundle; includeInIndex = 0; path = Coffe_Shop_AppTests.xctest; sourceTree = BUILT_PRODUCTS_DIR; };
		00E356F11AD99517003FC87E /* Info.plist */ = {isa = PBXFileReference; lastKnownFileType = text.plist.xml; path = Info.plist; sourceTree = "<group>"; };
		00E356F21AD99517003FC87E /* Coffe_Shop_AppTests.m */ = {isa = PBXFileReference; lastKnownFileType = sourcecode.c.objc; path = Coffe_Shop_AppTests.m; sourceTree = "<group>"; };
		13B07F961A680F5B00A75B9A /* Coffe_Shop_App.app */ = {isa = PBXFileReference; explicitFileType = wrapper.application; includeInIndex = 0; path = Coffe_Shop_App.app; sourceTree = BUILT_PRODUCTS_DIR; };
		13B07FAF1A68108700A75B9A /* AppDelegate.h */ = {isa = PBXFileReference; fileEncoding = 4; lastKnownFileType = sourcecode.c.h; name = AppDelegate.h; path = Coffe_Shop_App/AppDelegate.h; sourceTree = "<group>"; };
		13B07FB01A68108700A75B9A /* AppDelegate.mm */ = {isa = PBXFileReference; fileEncoding = 4; lastKnownFileType = sourcecode.cpp.objcpp; name = AppDelegate.mm; path = Coffe_Shop_App/AppDelegate.mm; sourceTree = "<group>"; };
		13B07FB51A68108700A75B9A /* Images.xcassets */ = {isa = PBXFileReference; lastKnownFileType = folder.assetcatalog; name = Images.xcassets; path = Coffe_Shop_App/Images.xcassets; sourceTree = "<group>"; };
		13B07FB61A68108700A75B9A /* Info.plist */ = {isa = PBXFileReference; fileEncoding = 4; lastKnownFileType = text.plist.xml; name = Info.plist; path = Coffe_Shop_App/Info.plist; sourceTree = "<group>"; };
		13B07FB71A68108700A75B9A /* main.m */ = {isa = PBXFileReference; fileEncoding = 4; lastKnownFileType = sourcecode.c.objc; name = main.m; path = Coffe_Shop_App/main.m; sourceTree = "<group>"; };
		19F6CBCC0A4E27FBF8BF4A61 /* libPods-Coffe_Shop_App-Coffe_Shop_AppTests.a */ = {isa = PBXFileReference; explicitFileType = archive.ar; includeInIndex = 0; path = "libPods-Coffe_Shop_App-Coffe_Shop_AppTests.a"; sourceTree = BUILT_PRODUCTS_DIR; };
		3B4392A12AC88292D35C810B /* Pods-Coffe_Shop_App.debug.xcconfig */ = {isa = PBXFileReference; includeInIndex = 1; lastKnownFileType = text.xcconfig; name = "Pods-Coffe_Shop_App.debug.xcconfig"; path = "Target Support Files/Pods-Coffe_Shop_App/Pods-Coffe_Shop_App.debug.xcconfig"; sourceTree = "<group>"; };
		5709B34CF0A7D63546082F79 /* Pods-Coffe_Shop_App.release.xcconfig */ = {isa = PBXFileReference; includeInIndex = 1; lastKnownFileType = text.xcconfig; name = "Pods-Coffe_Shop_App.release.xcconfig"; path = "Target Support Files/Pods-Coffe_Shop_App/Pods-Coffe_Shop_App.release.xcconfig"; sourceTree = "<group>"; };
		5B7EB9410499542E8C5724F5 /* Pods-Coffe_Shop_App-Coffe_Shop_AppTests.debug.xcconfig */ = {isa = PBXFileReference; includeInIndex = 1; lastKnownFileType = text.xcconfig; name = "Pods-Coffe_Shop_App-Coffe_Shop_AppTests.debug.xcconfig"; path = "Target Support Files/Pods-Coffe_Shop_App-Coffe_Shop_AppTests/Pods-Coffe_Shop_App-Coffe_Shop_AppTests.debug.xcconfig"; sourceTree = "<group>"; };
		5DCACB8F33CDC322A6C60F78 /* libPods-Coffe_Shop_App.a */ = {isa = PBXFileReference; explicitFileType = archive.ar; includeInIndex = 0; path = "libPods-Coffe_Shop_App.a"; sourceTree = BUILT_PRODUCTS_DIR; };
		81AB9BB72411601600AC10FF /* LaunchScreen.storyboard */ = {isa = PBXFileReference; fileEncoding = 4; lastKnownFileType = file.storyboard; name = LaunchScreen.storyboard; path = Coffe_Shop_App/LaunchScreen.storyboard; sourceTree = "<group>"; };
		89C6BE57DB24E9ADA2F236DE /* Pods-Coffe_Shop_App-Coffe_Shop_AppTests.release.xcconfig */ = {isa = PBXFileReference; includeInIndex = 1; lastKnownFileType = text.xcconfig; name = "Pods-Coffe_Shop_App-Coffe_Shop_AppTests.release.xcconfig"; path = "Target Support Files/Pods-Coffe_Shop_App-Coffe_Shop_AppTests/Pods-Coffe_Shop_App-Coffe_Shop_AppTests.release.xcconfig"; sourceTree = "<group>"; };
		ED297162215061F000B7C4FE /* JavaScriptCore.framework */ = {isa = PBXFileReference; lastKnownFileType = wrapper.framework; name = JavaScriptCore.framework; path = System/Library/Frameworks/JavaScriptCore.framework; sourceTree = SDKROOT; };
		F0CD22C9A9AD4260A8D2D521 /* Poppins-Black.ttf */ = {isa = PBXFileReference; name = "Poppins-Black.ttf"; path = "../src/assets/fonts/Poppins-Black.ttf"; sourceTree = "<group>"; fileEncoding = undefined; lastKnownFileType = unknown; explicitFileType = undefined; includeInIndex = 0; };
		592B721E88D94F20B5049389 /* Poppins-Bold.ttf */ = {isa = PBXFileReference; name = "Poppins-Bold.ttf"; path = "../src/assets/fonts/Poppins-Bold.ttf"; sourceTree = "<group>"; fileEncoding = undefined; lastKnownFileType = unknown; explicitFileType = undefined; includeInIndex = 0; };
		A6BC258C41814E0C9830CBDE /* Poppins-ExtraBold.ttf */ = {isa = PBXFileReference; name = "Poppins-ExtraBold.ttf"; path = "../src/assets/fonts/Poppins-ExtraBold.ttf"; sourceTree = "<group>"; fileEncoding = undefined; lastKnownFileType = unknown; explicitFileType = undefined; includeInIndex = 0; };
		DC7A5A7852884DB494D82CDA /* Poppins-ExtraLight.ttf */ = {isa = PBXFileReference; name = "Poppins-ExtraLight.ttf"; path = "../src/assets/fonts/Poppins-ExtraLight.ttf"; sourceTree = "<group>"; fileEncoding = undefined; lastKnownFileType = unknown; explicitFileType = undefined; includeInIndex = 0; };
		C6D294F9C9814E93B43402D4 /* Poppins-Light.ttf */ = {isa = PBXFileReference; name = "Poppins-Light.ttf"; path = "../src/assets/fonts/Poppins-Light.ttf"; sourceTree = "<group>"; fileEncoding = undefined; lastKnownFileType = unknown; explicitFileType = undefined; includeInIndex = 0; };
		188D149D5BCF4593A0A935FC /* Poppins-Medium.ttf */ = {isa = PBXFileReference; name = "Poppins-Medium.ttf"; path = "../src/assets/fonts/Poppins-Medium.ttf"; sourceTree = "<group>"; fileEncoding = undefined; lastKnownFileType = unknown; explicitFileType = undefined; includeInIndex = 0; };
		5E58F0C2CB824A29818C2E5E /* Poppins-Regular.ttf */ = {isa = PBXFileReference; name = "Poppins-Regular.ttf"; path = "../src/assets/fonts/Poppins-Regular.ttf"; sourceTree = "<group>"; fileEncoding = undefined; lastKnownFileType = unknown; explicitFileType = undefined; includeInIndex = 0; };
		3F749CFE0EE64BB8BA169EE6 /* Poppins-SemiBold.ttf */ = {isa = PBXFileReference; name = "Poppins-SemiBold.ttf"; path = "../src/assets/fonts/Poppins-SemiBold.ttf"; sourceTree = "<group>"; fileEncoding = undefined; lastKnownFileType = unknown; explicitFileType = undefined; includeInIndex = 0; };
		A1978C187F754EECBD10E4F8 /* Poppins-Thin.ttf */ = {isa = PBXFileReference; name = "Poppins-Thin.ttf"; path = "../src/assets/fonts/Poppins-Thin.ttf"; sourceTree = "<group>"; fileEncoding = undefined; lastKnownFileType = unknown; explicitFileType = undefined; includeInIndex = 0; };
		5A46D06986714353BB91D242 /* app_icons.ttf */ = {isa = PBXFileReference; name = "app_icons.ttf"; path = "../src/assets/fonts/app_icons.ttf"; sourceTree = "<group>"; fileEncoding = undefined; lastKnownFileType = unknown; explicitFileType = undefined; includeInIndex = 0; };
		8D5AE5A295EF44A999747A44 /* amazonpay.png */ = {isa = PBXFileReference; name = "amazonpay.png"; path = "../src/assets/app_images/amazonpay.png"; sourceTree = "<group>"; fileEncoding = undefined; lastKnownFileType = unknown; explicitFileType = undefined; includeInIndex = 0; };
		38E2F7D3E04146ECBCF51B71 /* applepay.png */ = {isa = PBXFileReference; name = "applepay.png"; path = "../src/assets/app_images/applepay.png"; sourceTree = "<group>"; fileEncoding = undefined; lastKnownFileType = unknown; explicitFileType = undefined; includeInIndex = 0; };
		92F04BA411524B6F8956E601 /* avatar.png */ = {isa = PBXFileReference; name = "avatar.png"; path = "../src/assets/app_images/avatar.png"; sourceTree = "<group>"; fileEncoding = undefined; lastKnownFileType = unknown; explicitFileType = undefined; includeInIndex = 0; };
		84E7CD3FAF414D8BA1372C52 /* gpay.png */ = {isa = PBXFileReference; name = "gpay.png"; path = "../src/assets/app_images/gpay.png"; sourceTree = "<group>"; fileEncoding = undefined; lastKnownFileType = unknown; explicitFileType = undefined; includeInIndex = 0; };
		9F9F29CAA15D475F81BD5960 /* americano_pic_1_portrait.png */ = {isa = PBXFileReference; name = "americano_pic_1_portrait.png"; path = "../src/assets/coffee_assets/americano/portrait/americano_pic_1_portrait.png"; sourceTree = "<group>"; fileEncoding = undefined; lastKnownFileType = unknown; explicitFileType = undefined; includeInIndex = 0; };
		BE47403763414858ACE004B4 /* americano_pic_2_portrait.png */ = {isa = PBXFileReference; name = "americano_pic_2_portrait.png"; path = "../src/assets/coffee_assets/americano/portrait/americano_pic_2_portrait.png"; sourceTree = "<group>"; fileEncoding = undefined; lastKnownFileType = unknown; explicitFileType = undefined; includeInIndex = 0; };
		22EBD26B6F7A4615AE7CB76F /* americano_pic_3_portrait.png */ = {isa = PBXFileReference; name = "americano_pic_3_portrait.png"; path = "../src/assets/coffee_assets/americano/portrait/americano_pic_3_portrait.png"; sourceTree = "<group>"; fileEncoding = undefined; lastKnownFileType = unknown; explicitFileType = undefined; includeInIndex = 0; };
		8BDC6980782F49F6820EE3C7 /* americano_pic_1_square.png */ = {isa = PBXFileReference; name = "americano_pic_1_square.png"; path = "../src/assets/coffee_assets/americano/square/americano_pic_1_square.png"; sourceTree = "<group>"; fileEncoding = undefined; lastKnownFileType = unknown; explicitFileType = undefined; includeInIndex = 0; };
		8F6508C7834E473DB5709CEE /* americano_pic_2_square.png */ = {isa = PBXFileReference; name = "americano_pic_2_square.png"; path = "../src/assets/coffee_assets/americano/square/americano_pic_2_square.png"; sourceTree = "<group>"; fileEncoding = undefined; lastKnownFileType = unknown; explicitFileType = undefined; includeInIndex = 0; };
		488BD1BFB8874FB59B2DA70C /* americano_pic_3_square.png */ = {isa = PBXFileReference; name = "americano_pic_3_square.png"; path = "../src/assets/coffee_assets/americano/square/americano_pic_3_square.png"; sourceTree = "<group>"; fileEncoding = undefined; lastKnownFileType = unknown; explicitFileType = undefined; includeInIndex = 0; };
		1FE0DAC8BA27479B994818F2 /* arabica_coffee_beans_portrait.png */ = {isa = PBXFileReference; name = "arabica_coffee_beans_portrait.png"; path = "../src/assets/coffee_assets/arabica_coffee_beans/arabica_coffee_beans_portrait.png"; sourceTree = "<group>"; fileEncoding = undefined; lastKnownFileType = unknown; explicitFileType = undefined; includeInIndex = 0; };
		710206AE8A8D48ABAA1F8C2E /* arabica_coffee_beans_square.png */ = {isa = PBXFileReference; name = "arabica_coffee_beans_square.png"; path = "../src/assets/coffee_assets/arabica_coffee_beans/arabica_coffee_beans_square.png"; sourceTree = "<group>"; fileEncoding = undefined; lastKnownFileType = unknown; explicitFileType = undefined; includeInIndex = 0; };
		848981C0E8DE45E3A9351724 /* black_coffee_pic_1_portrait.png */ = {isa = PBXFileReference; name = "black_coffee_pic_1_portrait.png"; path = "../src/assets/coffee_assets/black_coffee/portrait/black_coffee_pic_1_portrait.png"; sourceTree = "<group>"; fileEncoding = undefined; lastKnownFileType = unknown; explicitFileType = undefined; includeInIndex = 0; };
		C29EF73FB2B6432582EBC742 /* black_coffee_pic_2_portrait.png */ = {isa = PBXFileReference; name = "black_coffee_pic_2_portrait.png"; path = "../src/assets/coffee_assets/black_coffee/portrait/black_coffee_pic_2_portrait.png"; sourceTree = "<group>"; fileEncoding = undefined; lastKnownFileType = unknown; explicitFileType = undefined; includeInIndex = 0; };
		379022ED36F74307852B5F38 /* black_coffee_pic_3_portrait.png */ = {isa = PBXFileReference; name = "black_coffee_pic_3_portrait.png"; path = "../src/assets/coffee_assets/black_coffee/portrait/black_coffee_pic_3_portrait.png"; sourceTree = "<group>"; fileEncoding = undefined; lastKnownFileType = unknown; explicitFileType = undefined; includeInIndex = 0; };
		4C8A3DED72B4481B9FF28DD7 /* black_coffee_pic_1_square.png */ = {isa = PBXFileReference; name = "black_coffee_pic_1_square.png"; path = "../src/assets/coffee_assets/black_coffee/square/black_coffee_pic_1_square.png"; sourceTree = "<group>"; fileEncoding = undefined; lastKnownFileType = unknown; explicitFileType = undefined; includeInIndex = 0; };
		0D4CAF23F2F54509A286AB91 /* black_coffee_pic_2_square.png */ = {isa = PBXFileReference; name = "black_coffee_pic_2_square.png"; path = "../src/assets/coffee_assets/black_coffee/square/black_coffee_pic_2_square.png"; sourceTree = "<group>"; fileEncoding = undefined; lastKnownFileType = unknown; explicitFileType = undefined; includeInIndex = 0; };
		0FD3FBA05F014C7C973F3959 /* black_coffee_pic_3_square.png */ = {isa = PBXFileReference; name = "black_coffee_pic_3_square.png"; path = "../src/assets/coffee_assets/black_coffee/square/black_coffee_pic_3_square.png"; sourceTree = "<group>"; fileEncoding = undefined; lastKnownFileType = unknown; explicitFileType = undefined; includeInIndex = 0; };
		63717602CAB84036BF111C8C /* cappuccino_pic_1_portrait.png */ = {isa = PBXFileReference; name = "cappuccino_pic_1_portrait.png"; path = "../src/assets/coffee_assets/cappuccino/portrait/cappuccino_pic_1_portrait.png"; sourceTree = "<group>"; fileEncoding = undefined; lastKnownFileType = unknown; explicitFileType = undefined; includeInIndex = 0; };
		6D0264F7A1B2453481DD5574 /* cappuccino_pic_2_portrait.png */ = {isa = PBXFileReference; name = "cappuccino_pic_2_portrait.png"; path = "../src/assets/coffee_assets/cappuccino/portrait/cappuccino_pic_2_portrait.png"; sourceTree = "<group>"; fileEncoding = undefined; lastKnownFileType = unknown; explicitFileType = undefined; includeInIndex = 0; };
		F8F92290027E489EA9C8D5E2 /* cappuccino_pic_3_portrait.png */ = {isa = PBXFileReference; name = "cappuccino_pic_3_portrait.png"; path = "../src/assets/coffee_assets/cappuccino/portrait/cappuccino_pic_3_portrait.png"; sourceTree = "<group>"; fileEncoding = undefined; lastKnownFileType = unknown; explicitFileType = undefined; includeInIndex = 0; };
		E48E6241834C4BE2B414790E /* cappuccino_pic_1_square.png */ = {isa = PBXFileReference; name = "cappuccino_pic_1_square.png"; path = "../src/assets/coffee_assets/cappuccino/square/cappuccino_pic_1_square.png"; sourceTree = "<group>"; fileEncoding = undefined; lastKnownFileType = unknown; explicitFileType = undefined; includeInIndex = 0; };
		7416BA8E0FAB49688707347A /* cappuccino_pic_2_square.png */ = {isa = PBXFileReference; name = "cappuccino_pic_2_square.png"; path = "../src/assets/coffee_assets/cappuccino/square/cappuccino_pic_2_square.png"; sourceTree = "<group>"; fileEncoding = undefined; lastKnownFileType = unknown; explicitFileType = undefined; includeInIndex = 0; };
		41DD265F542E40CD887F2450 /* cappuccino_pic_3_square.png */ = {isa = PBXFileReference; name = "cappuccino_pic_3_square.png"; path = "../src/assets/coffee_assets/cappuccino/square/cappuccino_pic_3_square.png"; sourceTree = "<group>"; fileEncoding = undefined; lastKnownFileType = unknown; explicitFileType = undefined; includeInIndex = 0; };
		42E31BF903874EBEB62752D1 /* espresso_pic_1_portrait.png */ = {isa = PBXFileReference; name = "espresso_pic_1_portrait.png"; path = "../src/assets/coffee_assets/espresso/portrait/espresso_pic_1_portrait.png"; sourceTree = "<group>"; fileEncoding = undefined; lastKnownFileType = unknown; explicitFileType = undefined; includeInIndex = 0; };
		ED4B7F6C45044A9EBDCE2463 /* espresso_pic_2_portrait.png */ = {isa = PBXFileReference; name = "espresso_pic_2_portrait.png"; path = "../src/assets/coffee_assets/espresso/portrait/espresso_pic_2_portrait.png"; sourceTree = "<group>"; fileEncoding = undefined; lastKnownFileType = unknown; explicitFileType = undefined; includeInIndex = 0; };
		0D31C5DF4DDE4E9486A690D1 /* espresso_pic_3_portrait.png */ = {isa = PBXFileReference; name = "espresso_pic_3_portrait.png"; path = "../src/assets/coffee_assets/espresso/portrait/espresso_pic_3_portrait.png"; sourceTree = "<group>"; fileEncoding = undefined; lastKnownFileType = unknown; explicitFileType = undefined; includeInIndex = 0; };
		C1A7E80CCB9648DFAD504AEF /* espresso_pic_1_square.png */ = {isa = PBXFileReference; name = "espresso_pic_1_square.png"; path = "../src/assets/coffee_assets/espresso/square/espresso_pic_1_square.png"; sourceTree = "<group>"; fileEncoding = undefined; lastKnownFileType = unknown; explicitFileType = undefined; includeInIndex = 0; };
		DF4C341F785A475BB3B7D19A /* espresso_pic_2_square.png */ = {isa = PBXFileReference; name = "espresso_pic_2_square.png"; path = "../src/assets/coffee_assets/espresso/square/espresso_pic_2_square.png"; sourceTree = "<group>"; fileEncoding = undefined; lastKnownFileType = unknown; explicitFileType = undefined; includeInIndex = 0; };
		6702BD72A7234C4E98B9C9F1 /* espresso_pic_3_square.png */ = {isa = PBXFileReference; name = "espresso_pic_3_square.png"; path = "../src/assets/coffee_assets/espresso/square/espresso_pic_3_square.png"; sourceTree = "<group>"; fileEncoding = undefined; lastKnownFileType = unknown; explicitFileType = undefined; includeInIndex = 0; };
		D496CBE39A5547CC8FD29804 /* excelsa_coffee_beans_portrait.png */ = {isa = PBXFileReference; name = "excelsa_coffee_beans_portrait.png"; path = "../src/assets/coffee_assets/excelsa_coffee_beans/excelsa_coffee_beans_portrait.png"; sourceTree = "<group>"; fileEncoding = undefined; lastKnownFileType = unknown; explicitFileType = undefined; includeInIndex = 0; };
		84E97C21F40F4806AC396AA3 /* excelsa_coffee_beans_square.png */ = {isa = PBXFileReference; name = "excelsa_coffee_beans_square.png"; path = "../src/assets/coffee_assets/excelsa_coffee_beans/excelsa_coffee_beans_square.png"; sourceTree = "<group>"; fileEncoding = undefined; lastKnownFileType = unknown; explicitFileType = undefined; includeInIndex = 0; };
		F13827BAD57D45B9B155BA0C /* latte_pic_1_portrait.png */ = {isa = PBXFileReference; name = "latte_pic_1_portrait.png"; path = "../src/assets/coffee_assets/latte/portrait/latte_pic_1_portrait.png"; sourceTree = "<group>"; fileEncoding = undefined; lastKnownFileType = unknown; explicitFileType = undefined; includeInIndex = 0; };
		76397FA04E9D49898C7ABBC0 /* latte_pic_2_portrait.png */ = {isa = PBXFileReference; name = "latte_pic_2_portrait.png"; path = "../src/assets/coffee_assets/latte/portrait/latte_pic_2_portrait.png"; sourceTree = "<group>"; fileEncoding = undefined; lastKnownFileType = unknown; explicitFileType = undefined; includeInIndex = 0; };
		84289101E96742C18EB50AA4 /* latte_pic_3_portrait.png */ = {isa = PBXFileReference; name = "latte_pic_3_portrait.png"; path = "../src/assets/coffee_assets/latte/portrait/latte_pic_3_portrait.png"; sourceTree = "<group>"; fileEncoding = undefined; lastKnownFileType = unknown; explicitFileType = undefined; includeInIndex = 0; };
		531631F5BCC54679A4D48CA3 /* latte_pic_1_square.png */ = {isa = PBXFileReference; name = "latte_pic_1_square.png"; path = "../src/assets/coffee_assets/latte/square/latte_pic_1_square.png"; sourceTree = "<group>"; fileEncoding = undefined; lastKnownFileType = unknown; explicitFileType = undefined; includeInIndex = 0; };
		C9DDDEFAC31D4593AB1947D9 /* latte_pic_2_square.png */ = {isa = PBXFileReference; name = "latte_pic_2_square.png"; path = "../src/assets/coffee_assets/latte/square/latte_pic_2_square.png"; sourceTree = "<group>"; fileEncoding = undefined; lastKnownFileType = unknown; explicitFileType = undefined; includeInIndex = 0; };
		85973BF448044284A3218EFB /* latte_pic_3_square.png */ = {isa = PBXFileReference; name = "latte_pic_3_square.png"; path = "../src/assets/coffee_assets/latte/square/latte_pic_3_square.png"; sourceTree = "<group>"; fileEncoding = undefined; lastKnownFileType = unknown; explicitFileType = undefined; includeInIndex = 0; };
		BC9382B49A8E48B5BCA49C12 /* liberica_coffee_beans_portrait.png */ = {isa = PBXFileReference; name = "liberica_coffee_beans_portrait.png"; path = "../src/assets/coffee_assets/liberica_coffee_beans/liberica_coffee_beans_portrait.png"; sourceTree = "<group>"; fileEncoding = undefined; lastKnownFileType = unknown; explicitFileType = undefined; includeInIndex = 0; };
		8B24387B2FF74093B056F0C0 /* liberica_coffee_beans_square.png */ = {isa = PBXFileReference; name = "liberica_coffee_beans_square.png"; path = "../src/assets/coffee_assets/liberica_coffee_beans/liberica_coffee_beans_square.png"; sourceTree = "<group>"; fileEncoding = undefined; lastKnownFileType = unknown; explicitFileType = undefined; includeInIndex = 0; };
		084B3FA7A18D4F1D97BB8B58 /* macchiato_pic_1_portrait.png */ = {isa = PBXFileReference; name = "macchiato_pic_1_portrait.png"; path = "../src/assets/coffee_assets/macchiato/portrait/macchiato_pic_1_portrait.png"; sourceTree = "<group>"; fileEncoding = undefined; lastKnownFileType = unknown; explicitFileType = undefined; includeInIndex = 0; };
		13E0A4A55C694EF4BB143588 /* macchiato_pic_2_portrait.png */ = {isa = PBXFileReference; name = "macchiato_pic_2_portrait.png"; path = "../src/assets/coffee_assets/macchiato/portrait/macchiato_pic_2_portrait.png"; sourceTree = "<group>"; fileEncoding = undefined; lastKnownFileType = unknown; explicitFileType = undefined; includeInIndex = 0; };
		A0665565FFBB44AEB889971B /* macchiato_pic_3_portrait.png */ = {isa = PBXFileReference; name = "macchiato_pic_3_portrait.png"; path = "../src/assets/coffee_assets/macchiato/portrait/macchiato_pic_3_portrait.png"; sourceTree = "<group>"; fileEncoding = undefined; lastKnownFileType = unknown; explicitFileType = undefined; includeInIndex = 0; };
		7F4AB53161904B6DBD04A871 /* macchiato_pic_1_square.png */ = {isa = PBXFileReference; name = "macchiato_pic_1_square.png"; path = "../src/assets/coffee_assets/macchiato/square/macchiato_pic_1_square.png"; sourceTree = "<group>"; fileEncoding = undefined; lastKnownFileType = unknown; explicitFileType = undefined; includeInIndex = 0; };
		F4C161C8A1044203A3F40541 /* macchiato_pic_2_square.png */ = {isa = PBXFileReference; name = "macchiato_pic_2_square.png"; path = "../src/assets/coffee_assets/macchiato/square/macchiato_pic_2_square.png"; sourceTree = "<group>"; fileEncoding = undefined; lastKnownFileType = unknown; explicitFileType = undefined; includeInIndex = 0; };
		F2FDAF199C30447CA193E41A /* macchiato_pic_3_square.png */ = {isa = PBXFileReference; name = "macchiato_pic_3_square.png"; path = "../src/assets/coffee_assets/macchiato/square/macchiato_pic_3_square.png"; sourceTree = "<group>"; fileEncoding = undefined; lastKnownFileType = unknown; explicitFileType = undefined; includeInIndex = 0; };
		14897869BCCE4903824FC0C3 /* robusta_coffee_beans_portrait.png */ = {isa = PBXFileReference; name = "robusta_coffee_beans_portrait.png"; path = "../src/assets/coffee_assets/robusta_coffee_beans/robusta_coffee_beans_portrait.png"; sourceTree = "<group>"; fileEncoding = undefined; lastKnownFileType = unknown; explicitFileType = undefined; includeInIndex = 0; };
		5130FB73854541A88BDE1B15 /* robusta_coffee_beans_square.png */ = {isa = PBXFileReference; name = "robusta_coffee_beans_square.png"; path = "../src/assets/coffee_assets/robusta_coffee_beans/robusta_coffee_beans_square.png"; sourceTree = "<group>"; fileEncoding = undefined; lastKnownFileType = unknown; explicitFileType = undefined; includeInIndex = 0; };
/* End PBXFileReference section */

/* Begin PBXFrameworksBuildPhase section */
		00E356EB1AD99517003FC87E /* Frameworks */ = {
			isa = PBXFrameworksBuildPhase;
			buildActionMask = 2147483647;
			files = (
				7699B88040F8A987B510C191 /* libPods-Coffe_Shop_App-Coffe_Shop_AppTests.a in Frameworks */,
			);
			runOnlyForDeploymentPostprocessing = 0;
		};
		13B07F8C1A680F5B00A75B9A /* Frameworks */ = {
			isa = PBXFrameworksBuildPhase;
			buildActionMask = 2147483647;
			files = (
				0C80B921A6F3F58F76C31292 /* libPods-Coffe_Shop_App.a in Frameworks */,
			);
			runOnlyForDeploymentPostprocessing = 0;
		};
/* End PBXFrameworksBuildPhase section */

/* Begin PBXGroup section */
		00E356EF1AD99517003FC87E /* Coffe_Shop_AppTests */ = {
			isa = PBXGroup;
			children = (
				00E356F21AD99517003FC87E /* Coffe_Shop_AppTests.m */,
				00E356F01AD99517003FC87E /* Supporting Files */,
			);
			path = Coffe_Shop_AppTests;
			sourceTree = "<group>";
		};
		00E356F01AD99517003FC87E /* Supporting Files */ = {
			isa = PBXGroup;
			children = (
				00E356F11AD99517003FC87E /* Info.plist */,
			);
			name = "Supporting Files";
			sourceTree = "<group>";
		};
		13B07FAE1A68108700A75B9A /* Coffe_Shop_App */ = {
			isa = PBXGroup;
			children = (
				13B07FAF1A68108700A75B9A /* AppDelegate.h */,
				13B07FB01A68108700A75B9A /* AppDelegate.mm */,
				13B07FB51A68108700A75B9A /* Images.xcassets */,
				13B07FB61A68108700A75B9A /* Info.plist */,
				81AB9BB72411601600AC10FF /* LaunchScreen.storyboard */,
				13B07FB71A68108700A75B9A /* main.m */,
			);
			name = Coffe_Shop_App;
			sourceTree = "<group>";
		};
		2D16E6871FA4F8E400B85C8A /* Frameworks */ = {
			isa = PBXGroup;
			children = (
				ED297162215061F000B7C4FE /* JavaScriptCore.framework */,
				5DCACB8F33CDC322A6C60F78 /* libPods-Coffe_Shop_App.a */,
				19F6CBCC0A4E27FBF8BF4A61 /* libPods-Coffe_Shop_App-Coffe_Shop_AppTests.a */,
			);
			name = Frameworks;
			sourceTree = "<group>";
		};
		832341AE1AAA6A7D00B99B32 /* Libraries */ = {
			isa = PBXGroup;
			children = (
			);
			name = Libraries;
			sourceTree = "<group>";
		};
		83CBB9F61A601CBA00E9B192 = {
			isa = PBXGroup;
			children = (
				13B07FAE1A68108700A75B9A /* Coffe_Shop_App */,
				832341AE1AAA6A7D00B99B32 /* Libraries */,
				00E356EF1AD99517003FC87E /* Coffe_Shop_AppTests */,
				83CBBA001A601CBA00E9B192 /* Products */,
				2D16E6871FA4F8E400B85C8A /* Frameworks */,
				BBD78D7AC51CEA395F1C20DB /* Pods */,
				F13268EA518C4402B8E9CC83 /* Resources */,
			);
			indentWidth = 2;
			sourceTree = "<group>";
			tabWidth = 2;
			usesTabs = 0;
		};
		83CBBA001A601CBA00E9B192 /* Products */ = {
			isa = PBXGroup;
			children = (
				13B07F961A680F5B00A75B9A /* Coffe_Shop_App.app */,
				00E356EE1AD99517003FC87E /* Coffe_Shop_AppTests.xctest */,
			);
			name = Products;
			sourceTree = "<group>";
		};
		BBD78D7AC51CEA395F1C20DB /* Pods */ = {
			isa = PBXGroup;
			children = (
				3B4392A12AC88292D35C810B /* Pods-Coffe_Shop_App.debug.xcconfig */,
				5709B34CF0A7D63546082F79 /* Pods-Coffe_Shop_App.release.xcconfig */,
				5B7EB9410499542E8C5724F5 /* Pods-Coffe_Shop_App-Coffe_Shop_AppTests.debug.xcconfig */,
				89C6BE57DB24E9ADA2F236DE /* Pods-Coffe_Shop_App-Coffe_Shop_AppTests.release.xcconfig */,
			);
			path = Pods;
			sourceTree = "<group>";
		};
		F13268EA518C4402B8E9CC83 /* Resources */ = {
			isa = "PBXGroup";
			children = (
				F0CD22C9A9AD4260A8D2D521 /* Poppins-Black.ttf */,
				592B721E88D94F20B5049389 /* Poppins-Bold.ttf */,
				A6BC258C41814E0C9830CBDE /* Poppins-ExtraBold.ttf */,
				DC7A5A7852884DB494D82CDA /* Poppins-ExtraLight.ttf */,
				C6D294F9C9814E93B43402D4 /* Poppins-Light.ttf */,
				188D149D5BCF4593A0A935FC /* Poppins-Medium.ttf */,
				5E58F0C2CB824A29818C2E5E /* Poppins-Regular.ttf */,
				3F749CFE0EE64BB8BA169EE6 /* Poppins-SemiBold.ttf */,
				A1978C187F754EECBD10E4F8 /* Poppins-Thin.ttf */,
				5A46D06986714353BB91D242 /* app_icons.ttf */,
				8D5AE5A295EF44A999747A44 /* amazonpay.png */,
				38E2F7D3E04146ECBCF51B71 /* applepay.png */,
				92F04BA411524B6F8956E601 /* avatar.png */,
				84E7CD3FAF414D8BA1372C52 /* gpay.png */,
				9F9F29CAA15D475F81BD5960 /* americano_pic_1_portrait.png */,
				BE47403763414858ACE004B4 /* americano_pic_2_portrait.png */,
				22EBD26B6F7A4615AE7CB76F /* americano_pic_3_portrait.png */,
				8BDC6980782F49F6820EE3C7 /* americano_pic_1_square.png */,
				8F6508C7834E473DB5709CEE /* americano_pic_2_square.png */,
				488BD1BFB8874FB59B2DA70C /* americano_pic_3_square.png */,
				1FE0DAC8BA27479B994818F2 /* arabica_coffee_beans_portrait.png */,
				710206AE8A8D48ABAA1F8C2E /* arabica_coffee_beans_square.png */,
				848981C0E8DE45E3A9351724 /* black_coffee_pic_1_portrait.png */,
				C29EF73FB2B6432582EBC742 /* black_coffee_pic_2_portrait.png */,
				379022ED36F74307852B5F38 /* black_coffee_pic_3_portrait.png */,
				4C8A3DED72B4481B9FF28DD7 /* black_coffee_pic_1_square.png */,
				0D4CAF23F2F54509A286AB91 /* black_coffee_pic_2_square.png */,
				0FD3FBA05F014C7C973F3959 /* black_coffee_pic_3_square.png */,
				63717602CAB84036BF111C8C /* cappuccino_pic_1_portrait.png */,
				6D0264F7A1B2453481DD5574 /* cappuccino_pic_2_portrait.png */,
				F8F92290027E489EA9C8D5E2 /* cappuccino_pic_3_portrait.png */,
				E48E6241834C4BE2B414790E /* cappuccino_pic_1_square.png */,
				7416BA8E0FAB49688707347A /* cappuccino_pic_2_square.png */,
				41DD265F542E40CD887F2450 /* cappuccino_pic_3_square.png */,
				42E31BF903874EBEB62752D1 /* espresso_pic_1_portrait.png */,
				ED4B7F6C45044A9EBDCE2463 /* espresso_pic_2_portrait.png */,
				0D31C5DF4DDE4E9486A690D1 /* espresso_pic_3_portrait.png */,
				C1A7E80CCB9648DFAD504AEF /* espresso_pic_1_square.png */,
				DF4C341F785A475BB3B7D19A /* espresso_pic_2_square.png */,
				6702BD72A7234C4E98B9C9F1 /* espresso_pic_3_square.png */,
				D496CBE39A5547CC8FD29804 /* excelsa_coffee_beans_portrait.png */,
				84E97C21F40F4806AC396AA3 /* excelsa_coffee_beans_square.png */,
				F13827BAD57D45B9B155BA0C /* latte_pic_1_portrait.png */,
				76397FA04E9D49898C7ABBC0 /* latte_pic_2_portrait.png */,
				84289101E96742C18EB50AA4 /* latte_pic_3_portrait.png */,
				531631F5BCC54679A4D48CA3 /* latte_pic_1_square.png */,
				C9DDDEFAC31D4593AB1947D9 /* latte_pic_2_square.png */,
				85973BF448044284A3218EFB /* latte_pic_3_square.png */,
				BC9382B49A8E48B5BCA49C12 /* liberica_coffee_beans_portrait.png */,
				8B24387B2FF74093B056F0C0 /* liberica_coffee_beans_square.png */,
				084B3FA7A18D4F1D97BB8B58 /* macchiato_pic_1_portrait.png */,
				13E0A4A55C694EF4BB143588 /* macchiato_pic_2_portrait.png */,
				A0665565FFBB44AEB889971B /* macchiato_pic_3_portrait.png */,
				7F4AB53161904B6DBD04A871 /* macchiato_pic_1_square.png */,
				F4C161C8A1044203A3F40541 /* macchiato_pic_2_square.png */,
				F2FDAF199C30447CA193E41A /* macchiato_pic_3_square.png */,
				14897869BCCE4903824FC0C3 /* robusta_coffee_beans_portrait.png */,
				5130FB73854541A88BDE1B15 /* robusta_coffee_beans_square.png */,
			);
			name = Resources;
			sourceTree = "<group>";
			path = "";
		};
/* End PBXGroup section */

/* Begin PBXNativeTarget section */
		00E356ED1AD99517003FC87E /* Coffe_Shop_AppTests */ = {
			isa = PBXNativeTarget;
			buildConfigurationList = 00E357021AD99517003FC87E /* Build configuration list for PBXNativeTarget "Coffe_Shop_AppTests" */;
			buildPhases = (
				A55EABD7B0C7F3A422A6CC61 /* [CP] Check Pods Manifest.lock */,
				00E356EA1AD99517003FC87E /* Sources */,
				00E356EB1AD99517003FC87E /* Frameworks */,
				00E356EC1AD99517003FC87E /* Resources */,
				C59DA0FBD6956966B86A3779 /* [CP] Embed Pods Frameworks */,
				F6A41C54EA430FDDC6A6ED99 /* [CP] Copy Pods Resources */,
			);
			buildRules = (
			);
			dependencies = (
				00E356F51AD99517003FC87E /* PBXTargetDependency */,
			);
			name = Coffe_Shop_AppTests;
			productName = Coffe_Shop_AppTests;
			productReference = 00E356EE1AD99517003FC87E /* Coffe_Shop_AppTests.xctest */;
			productType = "com.apple.product-type.bundle.unit-test";
		};
		13B07F861A680F5B00A75B9A /* Coffe_Shop_App */ = {
			isa = PBXNativeTarget;
			buildConfigurationList = 13B07F931A680F5B00A75B9A /* Build configuration list for PBXNativeTarget "Coffe_Shop_App" */;
			buildPhases = (
				C38B50BA6285516D6DCD4F65 /* [CP] Check Pods Manifest.lock */,
				FD10A7F022414F080027D42C /* Start Packager */,
				13B07F871A680F5B00A75B9A /* Sources */,
				13B07F8C1A680F5B00A75B9A /* Frameworks */,
				13B07F8E1A680F5B00A75B9A /* Resources */,
				00DD1BFF1BD5951E006B06BC /* Bundle React Native code and images */,
				00EEFC60759A1932668264C0 /* [CP] Embed Pods Frameworks */,
				E235C05ADACE081382539298 /* [CP] Copy Pods Resources */,
			);
			buildRules = (
			);
			dependencies = (
			);
			name = Coffe_Shop_App;
			productName = Coffe_Shop_App;
			productReference = 13B07F961A680F5B00A75B9A /* Coffe_Shop_App.app */;
			productType = "com.apple.product-type.application";
		};
/* End PBXNativeTarget section */

/* Begin PBXProject section */
		83CBB9F71A601CBA00E9B192 /* Project object */ = {
			isa = PBXProject;
			attributes = {
				LastUpgradeCheck = 1210;
				TargetAttributes = {
					00E356ED1AD99517003FC87E = {
						CreatedOnToolsVersion = 6.2;
						TestTargetID = 13B07F861A680F5B00A75B9A;
					};
					13B07F861A680F5B00A75B9A = {
						LastSwiftMigration = 1120;
					};
				};
			};
			buildConfigurationList = 83CBB9FA1A601CBA00E9B192 /* Build configuration list for PBXProject "Coffe_Shop_App" */;
			compatibilityVersion = "Xcode 12.0";
			developmentRegion = en;
			hasScannedForEncodings = 0;
			knownRegions = (
				en,
				Base,
			);
			mainGroup = 83CBB9F61A601CBA00E9B192;
			productRefGroup = 83CBBA001A601CBA00E9B192 /* Products */;
			projectDirPath = "";
			projectRoot = "";
			targets = (
				13B07F861A680F5B00A75B9A /* Coffe_Shop_App */,
				00E356ED1AD99517003FC87E /* Coffe_Shop_AppTests */,
			);
		};
/* End PBXProject section */

/* Begin PBXResourcesBuildPhase section */
		00E356EC1AD99517003FC87E /* Resources */ = {
			isa = PBXResourcesBuildPhase;
			buildActionMask = 2147483647;
			files = (
			);
			runOnlyForDeploymentPostprocessing = 0;
		};
		13B07F8E1A680F5B00A75B9A /* Resources */ = {
			isa = PBXResourcesBuildPhase;
			buildActionMask = 2147483647;
			files = (
				81AB9BB82411601600AC10FF /* LaunchScreen.storyboard in Resources */,
				13B07FBF1A68108700A75B9A /* Images.xcassets in Resources */,
				F769D6DC325C470EA80F9AC5 /* Poppins-Black.ttf in Resources */,
				A7E4031BB6BE46CF825D791A /* Poppins-Bold.ttf in Resources */,
				F2AF9992C27640C8AC31BE56 /* Poppins-ExtraBold.ttf in Resources */,
				21958627669F4B239B91C9DD /* Poppins-ExtraLight.ttf in Resources */,
				3664C5F283F94933BCB95DA6 /* Poppins-Light.ttf in Resources */,
				DB570BF8EF244B9C96FFFA5D /* Poppins-Medium.ttf in Resources */,
				CB07A9098D3E4CECA9918C03 /* Poppins-Regular.ttf in Resources */,
				FE063DFD231E41438AD5F7BE /* Poppins-SemiBold.ttf in Resources */,
				809BB3856D9E4DB1BBB3C9F6 /* Poppins-Thin.ttf in Resources */,
				9EE26C2E05E24F45A5401E39 /* app_icons.ttf in Resources */,
				CAA531F98CA546D1A40FCE11 /* amazonpay.png in Resources */,
				6E120B627AC242709E4457AC /* applepay.png in Resources */,
				FE3110D6996B4605BA571C96 /* avatar.png in Resources */,
				EBBC1DDF92554A41AA151FEC /* gpay.png in Resources */,
				19E45E93696748C99AFE673E /* americano_pic_1_portrait.png in Resources */,
				B1A37A64E42B40E4BCBEA5DD /* americano_pic_2_portrait.png in Resources */,
				36A7AEFFDBBF4ECF8098451C /* americano_pic_3_portrait.png in Resources */,
				BE5BC1472E87451C85D454A9 /* americano_pic_1_square.png in Resources */,
				A1CA4031F5CF43DBB5729428 /* americano_pic_2_square.png in Resources */,
				2E5C7BE81F54495D9FE83657 /* americano_pic_3_square.png in Resources */,
				49E10E5DAEC648EDA2C7944E /* arabica_coffee_beans_portrait.png in Resources */,
				5952612357C4419A8988F34E /* arabica_coffee_beans_square.png in Resources */,
				D09D66D5217D4E838A2151EC /* black_coffee_pic_1_portrait.png in Resources */,
				78F1E75B88804CD19DD8FFB6 /* black_coffee_pic_2_portrait.png in Resources */,
				C0133F0D2422474A95D4835A /* black_coffee_pic_3_portrait.png in Resources */,
				2AFF2E9A139044B89C62FF2B /* black_coffee_pic_1_square.png in Resources */,
				A5D8449A80B7432F8F2A2090 /* black_coffee_pic_2_square.png in Resources */,
				24813DAF743F49BBA2D8C22C /* black_coffee_pic_3_square.png in Resources */,
				4F16C615DFD945E589AA3A36 /* cappuccino_pic_1_portrait.png in Resources */,
				C2737A7B63C441A28A85E072 /* cappuccino_pic_2_portrait.png in Resources */,
				67485165FA40432AA8888AB7 /* cappuccino_pic_3_portrait.png in Resources */,
				F0041E4C105D47FFAB272459 /* cappuccino_pic_1_square.png in Resources */,
				928D12FEBD214BFC83CB5C3F /* cappuccino_pic_2_square.png in Resources */,
				D15C6B1A3C914865A85C63EE /* cappuccino_pic_3_square.png in Resources */,
				33256DC8B95C48F18949F511 /* espresso_pic_1_portrait.png in Resources */,
				7F27B2A514C3489B9F7ADBA1 /* espresso_pic_2_portrait.png in Resources */,
				6E13529AD3594FE78FF7138C /* espresso_pic_3_portrait.png in Resources */,
				C9992896B91C429BA56AC05F /* espresso_pic_1_square.png in Resources */,
				B84AE1FD9CDE45078651F2C2 /* espresso_pic_2_square.png in Resources */,
				8628100FA64645D49E5DE408 /* espresso_pic_3_square.png in Resources */,
				579A01FB70104B6189FE4488 /* excelsa_coffee_beans_portrait.png in Resources */,
				D96DDEFC149A446391600DFE /* excelsa_coffee_beans_square.png in Resources */,
				8139AF04B81743F6A1DA832C /* latte_pic_1_portrait.png in Resources */,
				B3F44FB58C85472D82315DD1 /* latte_pic_2_portrait.png in Resources */,
				A1E2A4C010E94C818B42DD40 /* latte_pic_3_portrait.png in Resources */,
				D000A569268E46CA8C404A0D /* latte_pic_1_square.png in Resources */,
				6968EDA3DE6C4D39A4B28F93 /* latte_pic_2_square.png in Resources */,
				D231A631E300466B8A8B4CF9 /* latte_pic_3_square.png in Resources */,
				3714B3A284C54B6D9D9AFB35 /* liberica_coffee_beans_portrait.png in Resources */,
				8693D61B7E7546B1AE01E30C /* liberica_coffee_beans_square.png in Resources */,
				0599DF3962C84F78BD9D7A73 /* macchiato_pic_1_portrait.png in Resources */,
				BDCD127DC56C4B7BA4559FF7 /* macchiato_pic_2_portrait.png in Resources */,
				A3E0570BF946450C8AE72555 /* macchiato_pic_3_portrait.png in Resources */,
				E94A3169F4D148269CD58394 /* macchiato_pic_1_square.png in Resources */,
				3A646E0592EA47A8BCF91A1B /* macchiato_pic_2_square.png in Resources */,
				3CA7467D762646CDA2D276EE /* macchiato_pic_3_square.png in Resources */,
				D92DF9F956CA48EB8A4E4360 /* robusta_coffee_beans_portrait.png in Resources */,
				D99D9E20C4CD456799505FA3 /* robusta_coffee_beans_square.png in Resources */,
			);
			runOnlyForDeploymentPostprocessing = 0;
		};
/* End PBXResourcesBuildPhase section */

/* Begin PBXShellScriptBuildPhase section */
		00DD1BFF1BD5951E006B06BC /* Bundle React Native code and images */ = {
			isa = PBXShellScriptBuildPhase;
			buildActionMask = 2147483647;
			files = (
			);
			inputPaths = (
				"$(SRCROOT)/.xcode.env.local",
				"$(SRCROOT)/.xcode.env",
			);
			name = "Bundle React Native code and images";
			outputPaths = (
			);
			runOnlyForDeploymentPostprocessing = 0;
			shellPath = /bin/sh;
			shellScript = "set -e\n\nWITH_ENVIRONMENT=\"../node_modules/react-native/scripts/xcode/with-environment.sh\"\nREACT_NATIVE_XCODE=\"../node_modules/react-native/scripts/react-native-xcode.sh\"\n\n/bin/sh -c \"$WITH_ENVIRONMENT $REACT_NATIVE_XCODE\"\n";
		};
		00EEFC60759A1932668264C0 /* [CP] Embed Pods Frameworks */ = {
			isa = PBXShellScriptBuildPhase;
			buildActionMask = 2147483647;
			files = (
			);
			inputFileListPaths = (
				"${PODS_ROOT}/Target Support Files/Pods-Coffe_Shop_App/Pods-Coffe_Shop_App-frameworks-${CONFIGURATION}-input-files.xcfilelist",
			);
			name = "[CP] Embed Pods Frameworks";
			outputFileListPaths = (
				"${PODS_ROOT}/Target Support Files/Pods-Coffe_Shop_App/Pods-Coffe_Shop_App-frameworks-${CONFIGURATION}-output-files.xcfilelist",
			);
			runOnlyForDeploymentPostprocessing = 0;
			shellPath = /bin/sh;
			shellScript = "\"${PODS_ROOT}/Target Support Files/Pods-Coffe_Shop_App/Pods-Coffe_Shop_App-frameworks.sh\"\n";
			showEnvVarsInLog = 0;
		};
		A55EABD7B0C7F3A422A6CC61 /* [CP] Check Pods Manifest.lock */ = {
			isa = PBXShellScriptBuildPhase;
			buildActionMask = 2147483647;
			files = (
			);
			inputFileListPaths = (
			);
			inputPaths = (
				"${PODS_PODFILE_DIR_PATH}/Podfile.lock",
				"${PODS_ROOT}/Manifest.lock",
			);
			name = "[CP] Check Pods Manifest.lock";
			outputFileListPaths = (
			);
			outputPaths = (
				"$(DERIVED_FILE_DIR)/Pods-Coffe_Shop_App-Coffe_Shop_AppTests-checkManifestLockResult.txt",
			);
			runOnlyForDeploymentPostprocessing = 0;
			shellPath = /bin/sh;
			shellScript = "diff \"${PODS_PODFILE_DIR_PATH}/Podfile.lock\" \"${PODS_ROOT}/Manifest.lock\" > /dev/null\nif [ $? != 0 ] ; then\n    # print error to STDERR\n    echo \"error: The sandbox is not in sync with the Podfile.lock. Run 'pod install' or update your CocoaPods installation.\" >&2\n    exit 1\nfi\n# This output is used by Xcode 'outputs' to avoid re-running this script phase.\necho \"SUCCESS\" > \"${SCRIPT_OUTPUT_FILE_0}\"\n";
			showEnvVarsInLog = 0;
		};
		C38B50BA6285516D6DCD4F65 /* [CP] Check Pods Manifest.lock */ = {
			isa = PBXShellScriptBuildPhase;
			buildActionMask = 2147483647;
			files = (
			);
			inputFileListPaths = (
			);
			inputPaths = (
				"${PODS_PODFILE_DIR_PATH}/Podfile.lock",
				"${PODS_ROOT}/Manifest.lock",
			);
			name = "[CP] Check Pods Manifest.lock";
			outputFileListPaths = (
			);
			outputPaths = (
				"$(DERIVED_FILE_DIR)/Pods-Coffe_Shop_App-checkManifestLockResult.txt",
			);
			runOnlyForDeploymentPostprocessing = 0;
			shellPath = /bin/sh;
			shellScript = "diff \"${PODS_PODFILE_DIR_PATH}/Podfile.lock\" \"${PODS_ROOT}/Manifest.lock\" > /dev/null\nif [ $? != 0 ] ; then\n    # print error to STDERR\n    echo \"error: The sandbox is not in sync with the Podfile.lock. Run 'pod install' or update your CocoaPods installation.\" >&2\n    exit 1\nfi\n# This output is used by Xcode 'outputs' to avoid re-running this script phase.\necho \"SUCCESS\" > \"${SCRIPT_OUTPUT_FILE_0}\"\n";
			showEnvVarsInLog = 0;
		};
		C59DA0FBD6956966B86A3779 /* [CP] Embed Pods Frameworks */ = {
			isa = PBXShellScriptBuildPhase;
			buildActionMask = 2147483647;
			files = (
			);
			inputFileListPaths = (
				"${PODS_ROOT}/Target Support Files/Pods-Coffe_Shop_App-Coffe_Shop_AppTests/Pods-Coffe_Shop_App-Coffe_Shop_AppTests-frameworks-${CONFIGURATION}-input-files.xcfilelist",
			);
			name = "[CP] Embed Pods Frameworks";
			outputFileListPaths = (
				"${PODS_ROOT}/Target Support Files/Pods-Coffe_Shop_App-Coffe_Shop_AppTests/Pods-Coffe_Shop_App-Coffe_Shop_AppTests-frameworks-${CONFIGURATION}-output-files.xcfilelist",
			);
			runOnlyForDeploymentPostprocessing = 0;
			shellPath = /bin/sh;
			shellScript = "\"${PODS_ROOT}/Target Support Files/Pods-Coffe_Shop_App-Coffe_Shop_AppTests/Pods-Coffe_Shop_App-Coffe_Shop_AppTests-frameworks.sh\"\n";
			showEnvVarsInLog = 0;
		};
		E235C05ADACE081382539298 /* [CP] Copy Pods Resources */ = {
			isa = PBXShellScriptBuildPhase;
			buildActionMask = 2147483647;
			files = (
			);
			inputFileListPaths = (
				"${PODS_ROOT}/Target Support Files/Pods-Coffe_Shop_App/Pods-Coffe_Shop_App-resources-${CONFIGURATION}-input-files.xcfilelist",
			);
			name = "[CP] Copy Pods Resources";
			outputFileListPaths = (
				"${PODS_ROOT}/Target Support Files/Pods-Coffe_Shop_App/Pods-Coffe_Shop_App-resources-${CONFIGURATION}-output-files.xcfilelist",
			);
			runOnlyForDeploymentPostprocessing = 0;
			shellPath = /bin/sh;
			shellScript = "\"${PODS_ROOT}/Target Support Files/Pods-Coffe_Shop_App/Pods-Coffe_Shop_App-resources.sh\"\n";
			showEnvVarsInLog = 0;
		};
		F6A41C54EA430FDDC6A6ED99 /* [CP] Copy Pods Resources */ = {
			isa = PBXShellScriptBuildPhase;
			buildActionMask = 2147483647;
			files = (
			);
			inputFileListPaths = (
				"${PODS_ROOT}/Target Support Files/Pods-Coffe_Shop_App-Coffe_Shop_AppTests/Pods-Coffe_Shop_App-Coffe_Shop_AppTests-resources-${CONFIGURATION}-input-files.xcfilelist",
			);
			name = "[CP] Copy Pods Resources";
			outputFileListPaths = (
				"${PODS_ROOT}/Target Support Files/Pods-Coffe_Shop_App-Coffe_Shop_AppTests/Pods-Coffe_Shop_App-Coffe_Shop_AppTests-resources-${CONFIGURATION}-output-files.xcfilelist",
			);
			runOnlyForDeploymentPostprocessing = 0;
			shellPath = /bin/sh;
			shellScript = "\"${PODS_ROOT}/Target Support Files/Pods-Coffe_Shop_App-Coffe_Shop_AppTests/Pods-Coffe_Shop_App-Coffe_Shop_AppTests-resources.sh\"\n";
			showEnvVarsInLog = 0;
		};
		FD10A7F022414F080027D42C /* Start Packager */ = {
			isa = PBXShellScriptBuildPhase;
			buildActionMask = 2147483647;
			files = (
			);
			inputFileListPaths = (
			);
			inputPaths = (
			);
			name = "Start Packager";
			outputFileListPaths = (
			);
			outputPaths = (
			);
			runOnlyForDeploymentPostprocessing = 0;
			shellPath = /bin/sh;
			shellScript = "export RCT_METRO_PORT=\"${RCT_METRO_PORT:=8081}\"\necho \"export RCT_METRO_PORT=${RCT_METRO_PORT}\" > \"${SRCROOT}/../node_modules/react-native/scripts/.packager.env\"\nif [ -z \"${RCT_NO_LAUNCH_PACKAGER+xxx}\" ] ; then\n  if nc -w 5 -z localhost ${RCT_METRO_PORT} ; then\n    if ! curl -s \"http://localhost:${RCT_METRO_PORT}/status\" | grep -q \"packager-status:running\" ; then\n      echo \"Port ${RCT_METRO_PORT} already in use, packager is either not running or not running correctly\"\n      exit 2\n    fi\n  else\n    open \"$SRCROOT/../node_modules/react-native/scripts/launchPackager.command\" || echo \"Can't start packager automatically\"\n  fi\nfi\n";
			showEnvVarsInLog = 0;
		};
/* End PBXShellScriptBuildPhase section */

/* Begin PBXSourcesBuildPhase section */
		00E356EA1AD99517003FC87E /* Sources */ = {
			isa = PBXSourcesBuildPhase;
			buildActionMask = 2147483647;
			files = (
				00E356F31AD99517003FC87E /* Coffe_Shop_AppTests.m in Sources */,
			);
			runOnlyForDeploymentPostprocessing = 0;
		};
		13B07F871A680F5B00A75B9A /* Sources */ = {
			isa = PBXSourcesBuildPhase;
			buildActionMask = 2147483647;
			files = (
				13B07FBC1A68108700A75B9A /* AppDelegate.mm in Sources */,
				13B07FC11A68108700A75B9A /* main.m in Sources */,
			);
			runOnlyForDeploymentPostprocessing = 0;
		};
/* End PBXSourcesBuildPhase section */

/* Begin PBXTargetDependency section */
		00E356F51AD99517003FC87E /* PBXTargetDependency */ = {
			isa = PBXTargetDependency;
			target = 13B07F861A680F5B00A75B9A /* Coffe_Shop_App */;
			targetProxy = 00E356F41AD99517003FC87E /* PBXContainerItemProxy */;
		};
/* End PBXTargetDependency section */

/* Begin XCBuildConfiguration section */
		00E356F61AD99517003FC87E /* Debug */ = {
			isa = XCBuildConfiguration;
			baseConfigurationReference = 5B7EB9410499542E8C5724F5 /* Pods-Coffe_Shop_App-Coffe_Shop_AppTests.debug.xcconfig */;
			buildSettings = {
				BUNDLE_LOADER = "$(TEST_HOST)";
				GCC_PREPROCESSOR_DEFINITIONS = (
					"DEBUG=1",
					"$(inherited)",
				);
				INFOPLIST_FILE = Coffe_Shop_AppTests/Info.plist;
				IPHONEOS_DEPLOYMENT_TARGET = 12.4;
				LD_RUNPATH_SEARCH_PATHS = (
					"$(inherited)",
					"@executable_path/Frameworks",
					"@loader_path/Frameworks",
				);
				OTHER_LDFLAGS = (
					"-ObjC",
					"-lc++",
					"$(inherited)",
				);
				PRODUCT_BUNDLE_IDENTIFIER = "org.reactjs.native.example.$(PRODUCT_NAME:rfc1034identifier)";
				PRODUCT_NAME = "$(TARGET_NAME)";
				TEST_HOST = "$(BUILT_PRODUCTS_DIR)/Coffe_Shop_App.app/Coffe_Shop_App";
			};
			name = Debug;
		};
		00E356F71AD99517003FC87E /* Release */ = {
			isa = XCBuildConfiguration;
			baseConfigurationReference = 89C6BE57DB24E9ADA2F236DE /* Pods-Coffe_Shop_App-Coffe_Shop_AppTests.release.xcconfig */;
			buildSettings = {
				BUNDLE_LOADER = "$(TEST_HOST)";
				COPY_PHASE_STRIP = NO;
				INFOPLIST_FILE = Coffe_Shop_AppTests/Info.plist;
				IPHONEOS_DEPLOYMENT_TARGET = 12.4;
				LD_RUNPATH_SEARCH_PATHS = (
					"$(inherited)",
					"@executable_path/Frameworks",
					"@loader_path/Frameworks",
				);
				OTHER_LDFLAGS = (
					"-ObjC",
					"-lc++",
					"$(inherited)",
				);
				PRODUCT_BUNDLE_IDENTIFIER = "org.reactjs.native.example.$(PRODUCT_NAME:rfc1034identifier)";
				PRODUCT_NAME = "$(TARGET_NAME)";
				TEST_HOST = "$(BUILT_PRODUCTS_DIR)/Coffe_Shop_App.app/Coffe_Shop_App";
			};
			name = Release;
		};
		13B07F941A680F5B00A75B9A /* Debug */ = {
			isa = XCBuildConfiguration;
			baseConfigurationReference = 3B4392A12AC88292D35C810B /* Pods-Coffe_Shop_App.debug.xcconfig */;
			buildSettings = {
				ASSETCATALOG_COMPILER_APPICON_NAME = AppIcon;
				CLANG_ENABLE_MODULES = YES;
				CURRENT_PROJECT_VERSION = 1;
				ENABLE_BITCODE = NO;
				INFOPLIST_FILE = Coffe_Shop_App/Info.plist;
				LD_RUNPATH_SEARCH_PATHS = (
					"$(inherited)",
					"@executable_path/Frameworks",
				);
				MARKETING_VERSION = 1.0;
				OTHER_LDFLAGS = (
					"$(inherited)",
					"-ObjC",
					"-lc++",
				);
				PRODUCT_BUNDLE_IDENTIFIER = "org.reactjs.native.example.$(PRODUCT_NAME:rfc1034identifier)";
				PRODUCT_NAME = Coffe_Shop_App;
				SWIFT_OPTIMIZATION_LEVEL = "-Onone";
				SWIFT_VERSION = 5.0;
				VERSIONING_SYSTEM = "apple-generic";
			};
			name = Debug;
		};
		13B07F951A680F5B00A75B9A /* Release */ = {
			isa = XCBuildConfiguration;
			baseConfigurationReference = 5709B34CF0A7D63546082F79 /* Pods-Coffe_Shop_App.release.xcconfig */;
			buildSettings = {
				ASSETCATALOG_COMPILER_APPICON_NAME = AppIcon;
				CLANG_ENABLE_MODULES = YES;
				CURRENT_PROJECT_VERSION = 1;
				INFOPLIST_FILE = Coffe_Shop_App/Info.plist;
				LD_RUNPATH_SEARCH_PATHS = (
					"$(inherited)",
					"@executable_path/Frameworks",
				);
				MARKETING_VERSION = 1.0;
				OTHER_LDFLAGS = (
					"$(inherited)",
					"-ObjC",
					"-lc++",
				);
				PRODUCT_BUNDLE_IDENTIFIER = "org.reactjs.native.example.$(PRODUCT_NAME:rfc1034identifier)";
				PRODUCT_NAME = Coffe_Shop_App;
				SWIFT_VERSION = 5.0;
				VERSIONING_SYSTEM = "apple-generic";
			};
			name = Release;
		};
		83CBBA201A601CBA00E9B192 /* Debug */ = {
			isa = XCBuildConfiguration;
			buildSettings = {
				ALWAYS_SEARCH_USER_PATHS = NO;
				CLANG_ANALYZER_LOCALIZABILITY_NONLOCALIZED = YES;
				CLANG_CXX_LANGUAGE_STANDARD = "c++17";
				CLANG_CXX_LIBRARY = "libc++";
				CLANG_ENABLE_MODULES = YES;
				CLANG_ENABLE_OBJC_ARC = YES;
				CLANG_WARN_BLOCK_CAPTURE_AUTORELEASING = YES;
				CLANG_WARN_BOOL_CONVERSION = YES;
				CLANG_WARN_COMMA = YES;
				CLANG_WARN_CONSTANT_CONVERSION = YES;
				CLANG_WARN_DEPRECATED_OBJC_IMPLEMENTATIONS = YES;
				CLANG_WARN_DIRECT_OBJC_ISA_USAGE = YES_ERROR;
				CLANG_WARN_EMPTY_BODY = YES;
				CLANG_WARN_ENUM_CONVERSION = YES;
				CLANG_WARN_INFINITE_RECURSION = YES;
				CLANG_WARN_INT_CONVERSION = YES;
				CLANG_WARN_NON_LITERAL_NULL_CONVERSION = YES;
				CLANG_WARN_OBJC_IMPLICIT_RETAIN_SELF = YES;
				CLANG_WARN_OBJC_LITERAL_CONVERSION = YES;
				CLANG_WARN_OBJC_ROOT_CLASS = YES_ERROR;
				CLANG_WARN_QUOTED_INCLUDE_IN_FRAMEWORK_HEADER = YES;
				CLANG_WARN_RANGE_LOOP_ANALYSIS = YES;
				CLANG_WARN_STRICT_PROTOTYPES = YES;
				CLANG_WARN_SUSPICIOUS_MOVE = YES;
				CLANG_WARN_UNREACHABLE_CODE = YES;
				CLANG_WARN__DUPLICATE_METHOD_MATCH = YES;
				"CODE_SIGN_IDENTITY[sdk=iphoneos*]" = "iPhone Developer";
				COPY_PHASE_STRIP = NO;
				ENABLE_STRICT_OBJC_MSGSEND = YES;
				ENABLE_TESTABILITY = YES;
				"EXCLUDED_ARCHS[sdk=iphonesimulator*]" = "";
				GCC_C_LANGUAGE_STANDARD = gnu99;
				GCC_DYNAMIC_NO_PIC = NO;
				GCC_NO_COMMON_BLOCKS = YES;
				GCC_OPTIMIZATION_LEVEL = 0;
				GCC_PREPROCESSOR_DEFINITIONS = (
					"DEBUG=1",
					"$(inherited)",
				);
				GCC_SYMBOLS_PRIVATE_EXTERN = NO;
				GCC_WARN_64_TO_32_BIT_CONVERSION = YES;
				GCC_WARN_ABOUT_RETURN_TYPE = YES_ERROR;
				GCC_WARN_UNDECLARED_SELECTOR = YES;
				GCC_WARN_UNINITIALIZED_AUTOS = YES_AGGRESSIVE;
				GCC_WARN_UNUSED_FUNCTION = YES;
				GCC_WARN_UNUSED_VARIABLE = YES;
				IPHONEOS_DEPLOYMENT_TARGET = 12.4;
				LD_RUNPATH_SEARCH_PATHS = (
					/usr/lib/swift,
					"$(inherited)",
				);
				LIBRARY_SEARCH_PATHS = (
					"\"$(SDKROOT)/usr/lib/swift\"",
					"\"$(TOOLCHAIN_DIR)/usr/lib/swift/$(PLATFORM_NAME)\"",
					"\"$(inherited)\"",
				);
				MTL_ENABLE_DEBUG_INFO = YES;
				ONLY_ACTIVE_ARCH = YES;
				OTHER_CPLUSPLUSFLAGS = (
					"$(OTHER_CFLAGS)",
					"-DFOLLY_NO_CONFIG",
					"-DFOLLY_MOBILE=1",
					"-DFOLLY_USE_LIBCPP=1",
				);
				SDKROOT = iphoneos;
			};
			name = Debug;
		};
		83CBBA211A601CBA00E9B192 /* Release */ = {
			isa = XCBuildConfiguration;
			buildSettings = {
				ALWAYS_SEARCH_USER_PATHS = NO;
				CLANG_ANALYZER_LOCALIZABILITY_NONLOCALIZED = YES;
				CLANG_CXX_LANGUAGE_STANDARD = "c++17";
				CLANG_CXX_LIBRARY = "libc++";
				CLANG_ENABLE_MODULES = YES;
				CLANG_ENABLE_OBJC_ARC = YES;
				CLANG_WARN_BLOCK_CAPTURE_AUTORELEASING = YES;
				CLANG_WARN_BOOL_CONVERSION = YES;
				CLANG_WARN_COMMA = YES;
				CLANG_WARN_CONSTANT_CONVERSION = YES;
				CLANG_WARN_DEPRECATED_OBJC_IMPLEMENTATIONS = YES;
				CLANG_WARN_DIRECT_OBJC_ISA_USAGE = YES_ERROR;
				CLANG_WARN_EMPTY_BODY = YES;
				CLANG_WARN_ENUM_CONVERSION = YES;
				CLANG_WARN_INFINITE_RECURSION = YES;
				CLANG_WARN_INT_CONVERSION = YES;
				CLANG_WARN_NON_LITERAL_NULL_CONVERSION = YES;
				CLANG_WARN_OBJC_IMPLICIT_RETAIN_SELF = YES;
				CLANG_WARN_OBJC_LITERAL_CONVERSION = YES;
				CLANG_WARN_OBJC_ROOT_CLASS = YES_ERROR;
				CLANG_WARN_QUOTED_INCLUDE_IN_FRAMEWORK_HEADER = YES;
				CLANG_WARN_RANGE_LOOP_ANALYSIS = YES;
				CLANG_WARN_STRICT_PROTOTYPES = YES;
				CLANG_WARN_SUSPICIOUS_MOVE = YES;
				CLANG_WARN_UNREACHABLE_CODE = YES;
				CLANG_WARN__DUPLICATE_METHOD_MATCH = YES;
				"CODE_SIGN_IDENTITY[sdk=iphoneos*]" = "iPhone Developer";
				COPY_PHASE_STRIP = YES;
				ENABLE_NS_ASSERTIONS = NO;
				ENABLE_STRICT_OBJC_MSGSEND = YES;
				"EXCLUDED_ARCHS[sdk=iphonesimulator*]" = "";
				GCC_C_LANGUAGE_STANDARD = gnu99;
				GCC_NO_COMMON_BLOCKS = YES;
				GCC_WARN_64_TO_32_BIT_CONVERSION = YES;
				GCC_WARN_ABOUT_RETURN_TYPE = YES_ERROR;
				GCC_WARN_UNDECLARED_SELECTOR = YES;
				GCC_WARN_UNINITIALIZED_AUTOS = YES_AGGRESSIVE;
				GCC_WARN_UNUSED_FUNCTION = YES;
				GCC_WARN_UNUSED_VARIABLE = YES;
				IPHONEOS_DEPLOYMENT_TARGET = 12.4;
				LD_RUNPATH_SEARCH_PATHS = (
					/usr/lib/swift,
					"$(inherited)",
				);
				LIBRARY_SEARCH_PATHS = (
					"\"$(SDKROOT)/usr/lib/swift\"",
					"\"$(TOOLCHAIN_DIR)/usr/lib/swift/$(PLATFORM_NAME)\"",
					"\"$(inherited)\"",
				);
				MTL_ENABLE_DEBUG_INFO = NO;
				OTHER_CPLUSPLUSFLAGS = (
					"$(OTHER_CFLAGS)",
					"-DFOLLY_NO_CONFIG",
					"-DFOLLY_MOBILE=1",
					"-DFOLLY_USE_LIBCPP=1",
				);
				SDKROOT = iphoneos;
				VALIDATE_PRODUCT = YES;
			};
			name = Release;
		};
/* End XCBuildConfiguration section */

/* Begin XCConfigurationList section */
		00E357021AD99517003FC87E /* Build configuration list for PBXNativeTarget "Coffe_Shop_AppTests" */ = {
			isa = XCConfigurationList;
			buildConfigurations = (
				00E356F61AD99517003FC87E /* Debug */,
				00E356F71AD99517003FC87E /* Release */,
			);
			defaultConfigurationIsVisible = 0;
			defaultConfigurationName = Release;
		};
		13B07F931A680F5B00A75B9A /* Build configuration list for PBXNativeTarget "Coffe_Shop_App" */ = {
			isa = XCConfigurationList;
			buildConfigurations = (
				13B07F941A680F5B00A75B9A /* Debug */,
				13B07F951A680F5B00A75B9A /* Release */,
			);
			defaultConfigurationIsVisible = 0;
			defaultConfigurationName = Release;
		};
		83CBB9FA1A601CBA00E9B192 /* Build configuration list for PBXProject "Coffe_Shop_App" */ = {
			isa = XCConfigurationList;
			buildConfigurations = (
				83CBBA201A601CBA00E9B192 /* Debug */,
				83CBBA211A601CBA00E9B192 /* Release */,
			);
			defaultConfigurationIsVisible = 0;
			defaultConfigurationName = Release;
		};
/* End XCConfigurationList section */
	};
	rootObject = 83CBB9F71A601CBA00E9B192 /* Project object */;
}
